
Microsoft Visual Studio Solution File, Format Version 12.00
# Visual Studio Version 16
VisualStudioVersion = 16.0.31112.23
MinimumVisualStudioVersion = 10.0.40219.1
Project("{FAE04EC0-301F-11D3-BF4B-00C04F79EFBC}") = "dongho", "dongho\dongho.csproj", "{73EF59A9-5A9C-448C-9352-06A02B2DE9EB}"
EndProject
Project("{54435603-DBB4-11D2-8724-00A0C9A8B90C}") = "Setup1", "Setup1\Setup1.vdproj", "{739919CC-22E6-4574-847D-02C4D847B4DA}"
EndProject
Global
	GlobalSection(SolutionConfigurationPlatforms) = preSolution
		Debug|Any CPU = Debug|Any CPU
		Release|Any CPU = Release|Any CPU
	EndGlobalSection
	GlobalSection(ProjectConfigurationPlatforms) = postSolution
		{73EF59A9-5A9C-448C-9352-06A02B2DE9EB}.Debug|Any CPU.ActiveCfg = Debug|Any CPU
		{73EF59A9-5A9C-448C-9352-06A02B2DE9EB}.Debug|Any CPU.Build.0 = Debug|Any CPU
		{73EF59A9-5A9C-448C-9352-06A02B2DE9EB}.Release|Any CPU.ActiveCfg = Release|Any CPU
		{73EF59A9-5A9C-448C-9352-06A02B2DE9EB}.Release|Any CPU.Build.0 = Release|Any CPU
		{739919CC-22E6-4574-847D-02C4D847B4DA}.Debug|Any CPU.ActiveCfg = Debug
		{739919CC-22E6-4574-847D-02C4D847B4DA}.Release|Any CPU.ActiveCfg = Release
	EndGlobalSection
	GlobalSection(SolutionProperties) = preSolution
		HideSolutionNode = FALSE
	EndGlobalSection
	GlobalSection(ExtensibilityGlobals) = postSolution
		SolutionGuid = {DA4D4515-D44A-4F8B-BABA-A0A1213537AA}
	EndGlobalSection
EndGlobal
